
Microsoft Visual Studio Solution File, Format Version 12.00
# Visual Studio Version 16
VisualStudioVersion = 16.0.31729.503
MinimumVisualStudioVersion = 10.0.40219.1
Project("{9A19103F-16F7-4668-BE54-9A1E7A4F7556}") = "ADO.NET_Exercises", "02_VillainNames\ADO.NET_Exercises.csproj", "{2F5BFCD7-566B-4EA7-AD2B-57D913479A3A}"
EndProject
Global
	GlobalSection(SolutionConfigurationPlatforms) = preSolution
		Debug|Any CPU = Debug|Any CPU
		Release|Any CPU = Release|Any CPU
	EndGlobalSection
	GlobalSection(ProjectConfigurationPlatforms) = postSolution
		{2F5BFCD7-566B-4EA7-AD2B-57D913479A3A}.Debug|Any CPU.ActiveCfg = Debug|Any CPU
		{2F5BFCD7-566B-4EA7-AD2B-57D913479A3A}.Debug|Any CPU.Build.0 = Debug|Any CPU
		{2F5BFCD7-566B-4EA7-AD2B-57D913479A3A}.Release|Any CPU.ActiveCfg = Release|Any CPU
		{2F5BFCD7-566B-4EA7-AD2B-57D913479A3A}.Release|Any CPU.Build.0 = Release|Any CPU
	EndGlobalSection
	GlobalSection(SolutionProperties) = preSolution
		HideSolutionNode = FALSE
	EndGlobalSection
	GlobalSection(ExtensibilityGlobals) = postSolution
		SolutionGuid = {047B54B3-A7A1-4E94-9ED5-B4EB14D628F6}
	EndGlobalSection
EndGlobal
