
Microsoft Visual Studio Solution File, Format Version 12.00
# Visual Studio Version 16
VisualStudioVersion = 16.0.31729.503
MinimumVisualStudioVersion = 10.0.40219.1
Project("{9A19103F-16F7-4668-BE54-9A1E7A4F7556}") = "ConsoleApp1", "ConsoleApp1\ConsoleApp1.csproj", "{5AF4DA9E-D63F-4016-9928-33C1ED497B2A}"
EndProject
Project("{FAE04EC0-301F-11D3-BF4B-00C04F79EFBC}") = "InitialSetup", "InitialSetup\InitialSetup.csproj", "{26A4733E-56E9-4374-9C6D-660DAB40F6BA}"
EndProject
Project("{FAE04EC0-301F-11D3-BF4B-00C04F79EFBC}") = "02_Villain_Names", "02_Villain_Names\02_Villain_Names.csproj", "{4BC5A86B-814E-4E68-A832-2626FA22D3E8}"
EndProject
Global
	GlobalSection(SolutionConfigurationPlatforms) = preSolution
		Debug|Any CPU = Debug|Any CPU
		Release|Any CPU = Release|Any CPU
	EndGlobalSection
	GlobalSection(ProjectConfigurationPlatforms) = postSolution
		{5AF4DA9E-D63F-4016-9928-33C1ED497B2A}.Debug|Any CPU.ActiveCfg = Debug|Any CPU
		{5AF4DA9E-D63F-4016-9928-33C1ED497B2A}.Debug|Any CPU.Build.0 = Debug|Any CPU
		{5AF4DA9E-D63F-4016-9928-33C1ED497B2A}.Release|Any CPU.ActiveCfg = Release|Any CPU
		{5AF4DA9E-D63F-4016-9928-33C1ED497B2A}.Release|Any CPU.Build.0 = Release|Any CPU
		{26A4733E-56E9-4374-9C6D-660DAB40F6BA}.Debug|Any CPU.ActiveCfg = Debug|Any CPU
		{26A4733E-56E9-4374-9C6D-660DAB40F6BA}.Debug|Any CPU.Build.0 = Debug|Any CPU
		{26A4733E-56E9-4374-9C6D-660DAB40F6BA}.Release|Any CPU.ActiveCfg = Release|Any CPU
		{26A4733E-56E9-4374-9C6D-660DAB40F6BA}.Release|Any CPU.Build.0 = Release|Any CPU
		{4BC5A86B-814E-4E68-A832-2626FA22D3E8}.Debug|Any CPU.ActiveCfg = Debug|Any CPU
		{4BC5A86B-814E-4E68-A832-2626FA22D3E8}.Debug|Any CPU.Build.0 = Debug|Any CPU
		{4BC5A86B-814E-4E68-A832-2626FA22D3E8}.Release|Any CPU.ActiveCfg = Release|Any CPU
		{4BC5A86B-814E-4E68-A832-2626FA22D3E8}.Release|Any CPU.Build.0 = Release|Any CPU
	EndGlobalSection
	GlobalSection(SolutionProperties) = preSolution
		HideSolutionNode = FALSE
	EndGlobalSection
	GlobalSection(ExtensibilityGlobals) = postSolution
		SolutionGuid = {81BA1481-3DD2-4D1E-9388-213764674167}
	EndGlobalSection
EndGlobal
